
Microsoft Visual Studio Solution File, Format Version 12.00
# Visual Studio Version 17
VisualStudioVersion = 17.3.32819.101
MinimumVisualStudioVersion = 10.0.40219.1
Project("{8BC9CEB8-8B4A-11D0-8D11-00A0C91BC942}") = "ConsalHardMenu", "ConsalHardMenu\ConsalHardMenu.vcxproj", "{600290DB-5AA7-40F8-89CD-97D46BCA5A68}"
EndProject
Project("{8BC9CEB8-8B4A-11D0-8D11-00A0C91BC942}") = "OK2", "OK2\OK2.vcxproj", "{C59B6045-5093-4FD0-B8E9-F13A381A2B14}"
EndProject
Global
	GlobalSection(SolutionConfigurationPlatforms) = preSolution
		Debug|x64 = Debug|x64
		Debug|x86 = Debug|x86
		Release|x64 = Release|x64
		Release|x86 = Release|x86
	EndGlobalSection
	GlobalSection(ProjectConfigurationPlatforms) = postSolution
		{600290DB-5AA7-40F8-89CD-97D46BCA5A68}.Debug|x64.ActiveCfg = Debug|x64
		{600290DB-5AA7-40F8-89CD-97D46BCA5A68}.Debug|x64.Build.0 = Debug|x64
		{600290DB-5AA7-40F8-89CD-97D46BCA5A68}.Debug|x86.ActiveCfg = Debug|Win32
		{600290DB-5AA7-40F8-89CD-97D46BCA5A68}.Debug|x86.Build.0 = Debug|Win32
		{600290DB-5AA7-40F8-89CD-97D46BCA5A68}.Release|x64.ActiveCfg = Release|x64
		{600290DB-5AA7-40F8-89CD-97D46BCA5A68}.Release|x64.Build.0 = Release|x64
		{600290DB-5AA7-40F8-89CD-97D46BCA5A68}.Release|x86.ActiveCfg = Release|Win32
		{600290DB-5AA7-40F8-89CD-97D46BCA5A68}.Release|x86.Build.0 = Release|Win32
		{C59B6045-5093-4FD0-B8E9-F13A381A2B14}.Debug|x64.ActiveCfg = Debug|x64
		{C59B6045-5093-4FD0-B8E9-F13A381A2B14}.Debug|x64.Build.0 = Debug|x64
		{C59B6045-5093-4FD0-B8E9-F13A381A2B14}.Debug|x86.ActiveCfg = Debug|Win32
		{C59B6045-5093-4FD0-B8E9-F13A381A2B14}.Debug|x86.Build.0 = Debug|Win32
		{C59B6045-5093-4FD0-B8E9-F13A381A2B14}.Release|x64.ActiveCfg = Release|x64
		{C59B6045-5093-4FD0-B8E9-F13A381A2B14}.Release|x64.Build.0 = Release|x64
		{C59B6045-5093-4FD0-B8E9-F13A381A2B14}.Release|x86.ActiveCfg = Release|Win32
		{C59B6045-5093-4FD0-B8E9-F13A381A2B14}.Release|x86.Build.0 = Release|Win32
	EndGlobalSection
	GlobalSection(SolutionProperties) = preSolution
		HideSolutionNode = FALSE
	EndGlobalSection
	GlobalSection(ExtensibilityGlobals) = postSolution
		SolutionGuid = {4975552B-7480-4FE3-A5CE-B04578A90BB2}
	EndGlobalSection
EndGlobal
